
Microsoft Visual Studio Solution File, Format Version 12.00
# Visual Studio 14
VisualStudioVersion = 14.0.25420.1
MinimumVisualStudioVersion = 10.0.40219.1
Project("{FAE04EC0-301F-11D3-BF4B-00C04F79EFBC}") = "PortfolioCMS.Web", "PortfolioCMS.Web\PortfolioCMS.Web.csproj", "{7B8FDB73-580D-4C7F-88F7-CEC4C939DF73}"
EndProject
Project("{2150E333-8FDC-42A3-9474-1A3956D46DE8}") = "PortfolioCMS.Tests", "PortfolioCMS.Tests", "{3763BD41-F667-42EF-80E4-64D9BA3CDA66}"
EndProject
Project("{2150E333-8FDC-42A3-9474-1A3956D46DE8}") = "PortfolioCMS.Business", "PortfolioCMS.Business", "{246C3D86-8B2F-46E8-B7AA-87A89FF5A9B7}"
EndProject
Project("{FAE04EC0-301F-11D3-BF4B-00C04F79EFBC}") = "PortfolioCMS.Business.Common", "PortfolioCMS.Business\PortfolioCMS.Business.Common\PortfolioCMS.Business.Common.csproj", "{CD5A5DCD-978D-4610-9596-2C965DA27A76}"
EndProject
Project("{FAE04EC0-301F-11D3-BF4B-00C04F79EFBC}") = "PortfolioCMS.Business.Data", "PortfolioCMS.Business\PortfolioCMS.Business.Data\PortfolioCMS.Business.Data.csproj", "{C7028433-2C19-4AD3-9F37-E7874329F7A1}"
EndProject
Project("{FAE04EC0-301F-11D3-BF4B-00C04F79EFBC}") = "PortfolioCMS.Business.Identity", "PortfolioCMS.Business\PortfolioCMS.Business.Identity\PortfolioCMS.Business.Identity.csproj", "{3501E9D0-E2BE-4E3B-A8E4-99079E656F54}"
EndProject
Project("{FAE04EC0-301F-11D3-BF4B-00C04F79EFBC}") = "PortfolioCMS.Business.Models", "PortfolioCMS.Business\PortfolioCMS.Business.Models\PortfolioCMS.Business.Models.csproj", "{BA7CDA96-160E-45FB-A434-E6BBF4358CA5}"
EndProject
Project("{FAE04EC0-301F-11D3-BF4B-00C04F79EFBC}") = "PortfolioCMS.Business.Services", "PortfolioCMS.Business\PortfolioCMS.Business.Services\PortfolioCMS.Business.Services.csproj", "{B282FCF3-3D0A-4E8F-B213-3C3E73416E46}"
EndProject
Project("{FAE04EC0-301F-11D3-BF4B-00C04F79EFBC}") = "PortfolioCMS.Business.Data.Tests", "PortfolioCMS.Tests\PortfolioCMS.Business.Data.Tests\PortfolioCMS.Business.Data.Tests.csproj", "{B9CE2D6C-5768-4493-BEC0-5DC993A1B789}"
EndProject
Project("{FAE04EC0-301F-11D3-BF4B-00C04F79EFBC}") = "PortfolioCMS.Business.Models.Tests", "PortfolioCMS.Tests\PortfolioCMS.Business.Models.Tests\PortfolioCMS.Business.Models.Tests.csproj", "{34DCFFD4-E490-4A98-86F5-9CE71C6689F1}"
EndProject
Project("{FAE04EC0-301F-11D3-BF4B-00C04F79EFBC}") = "PortfolioCMS.Business.Services.Tests", "PortfolioCMS.Tests\PortfolioCMS.Business.Services.Tests\PortfolioCMS.Business.Services.Tests.csproj", "{B81C38C5-DA65-4C13-9D0E-A5B831B9C98D}"
EndProject
Project("{FAE04EC0-301F-11D3-BF4B-00C04F79EFBC}") = "PortfolioCMS.Web.Controllers.Tests", "PortfolioCMS.Tests\PortfolioCMS.Web.Controllers.Tests\PortfolioCMS.Web.Controllers.Tests.csproj", "{AAD98D84-B48A-4FFA-9403-468F0671D33D}"
EndProject
Global
	GlobalSection(SolutionConfigurationPlatforms) = preSolution
		Debug|Any CPU = Debug|Any CPU
		Release|Any CPU = Release|Any CPU
	EndGlobalSection
	GlobalSection(ProjectConfigurationPlatforms) = postSolution
		{7B8FDB73-580D-4C7F-88F7-CEC4C939DF73}.Debug|Any CPU.ActiveCfg = Debug|Any CPU
		{7B8FDB73-580D-4C7F-88F7-CEC4C939DF73}.Debug|Any CPU.Build.0 = Debug|Any CPU
		{7B8FDB73-580D-4C7F-88F7-CEC4C939DF73}.Release|Any CPU.ActiveCfg = Release|Any CPU
		{7B8FDB73-580D-4C7F-88F7-CEC4C939DF73}.Release|Any CPU.Build.0 = Release|Any CPU
		{CD5A5DCD-978D-4610-9596-2C965DA27A76}.Debug|Any CPU.ActiveCfg = Debug|Any CPU
		{CD5A5DCD-978D-4610-9596-2C965DA27A76}.Debug|Any CPU.Build.0 = Debug|Any CPU
		{CD5A5DCD-978D-4610-9596-2C965DA27A76}.Release|Any CPU.ActiveCfg = Release|Any CPU
		{CD5A5DCD-978D-4610-9596-2C965DA27A76}.Release|Any CPU.Build.0 = Release|Any CPU
		{C7028433-2C19-4AD3-9F37-E7874329F7A1}.Debug|Any CPU.ActiveCfg = Debug|Any CPU
		{C7028433-2C19-4AD3-9F37-E7874329F7A1}.Debug|Any CPU.Build.0 = Debug|Any CPU
		{C7028433-2C19-4AD3-9F37-E7874329F7A1}.Release|Any CPU.ActiveCfg = Release|Any CPU
		{C7028433-2C19-4AD3-9F37-E7874329F7A1}.Release|Any CPU.Build.0 = Release|Any CPU
		{3501E9D0-E2BE-4E3B-A8E4-99079E656F54}.Debug|Any CPU.ActiveCfg = Debug|Any CPU
		{3501E9D0-E2BE-4E3B-A8E4-99079E656F54}.Debug|Any CPU.Build.0 = Debug|Any CPU
		{3501E9D0-E2BE-4E3B-A8E4-99079E656F54}.Release|Any CPU.ActiveCfg = Release|Any CPU
		{3501E9D0-E2BE-4E3B-A8E4-99079E656F54}.Release|Any CPU.Build.0 = Release|Any CPU
		{BA7CDA96-160E-45FB-A434-E6BBF4358CA5}.Debug|Any CPU.ActiveCfg = Debug|Any CPU
		{BA7CDA96-160E-45FB-A434-E6BBF4358CA5}.Debug|Any CPU.Build.0 = Debug|Any CPU
		{BA7CDA96-160E-45FB-A434-E6BBF4358CA5}.Release|Any CPU.ActiveCfg = Release|Any CPU
		{BA7CDA96-160E-45FB-A434-E6BBF4358CA5}.Release|Any CPU.Build.0 = Release|Any CPU
		{B282FCF3-3D0A-4E8F-B213-3C3E73416E46}.Debug|Any CPU.ActiveCfg = Debug|Any CPU
		{B282FCF3-3D0A-4E8F-B213-3C3E73416E46}.Debug|Any CPU.Build.0 = Debug|Any CPU
		{B282FCF3-3D0A-4E8F-B213-3C3E73416E46}.Release|Any CPU.ActiveCfg = Release|Any CPU
		{B282FCF3-3D0A-4E8F-B213-3C3E73416E46}.Release|Any CPU.Build.0 = Release|Any CPU
		{B9CE2D6C-5768-4493-BEC0-5DC993A1B789}.Debug|Any CPU.ActiveCfg = Debug|Any CPU
		{B9CE2D6C-5768-4493-BEC0-5DC993A1B789}.Debug|Any CPU.Build.0 = Debug|Any CPU
		{B9CE2D6C-5768-4493-BEC0-5DC993A1B789}.Release|Any CPU.ActiveCfg = Release|Any CPU
		{B9CE2D6C-5768-4493-BEC0-5DC993A1B789}.Release|Any CPU.Build.0 = Release|Any CPU
		{34DCFFD4-E490-4A98-86F5-9CE71C6689F1}.Debug|Any CPU.ActiveCfg = Debug|Any CPU
		{34DCFFD4-E490-4A98-86F5-9CE71C6689F1}.Debug|Any CPU.Build.0 = Debug|Any CPU
		{34DCFFD4-E490-4A98-86F5-9CE71C6689F1}.Release|Any CPU.ActiveCfg = Release|Any CPU
		{34DCFFD4-E490-4A98-86F5-9CE71C6689F1}.Release|Any CPU.Build.0 = Release|Any CPU
		{B81C38C5-DA65-4C13-9D0E-A5B831B9C98D}.Debug|Any CPU.ActiveCfg = Debug|Any CPU
		{B81C38C5-DA65-4C13-9D0E-A5B831B9C98D}.Debug|Any CPU.Build.0 = Debug|Any CPU
		{B81C38C5-DA65-4C13-9D0E-A5B831B9C98D}.Release|Any CPU.ActiveCfg = Release|Any CPU
		{B81C38C5-DA65-4C13-9D0E-A5B831B9C98D}.Release|Any CPU.Build.0 = Release|Any CPU
		{AAD98D84-B48A-4FFA-9403-468F0671D33D}.Debug|Any CPU.ActiveCfg = Debug|Any CPU
		{AAD98D84-B48A-4FFA-9403-468F0671D33D}.Debug|Any CPU.Build.0 = Debug|Any CPU
		{AAD98D84-B48A-4FFA-9403-468F0671D33D}.Release|Any CPU.ActiveCfg = Release|Any CPU
		{AAD98D84-B48A-4FFA-9403-468F0671D33D}.Release|Any CPU.Build.0 = Release|Any CPU
	EndGlobalSection
	GlobalSection(SolutionProperties) = preSolution
		HideSolutionNode = FALSE
	EndGlobalSection
	GlobalSection(NestedProjects) = preSolution
		{CD5A5DCD-978D-4610-9596-2C965DA27A76} = {246C3D86-8B2F-46E8-B7AA-87A89FF5A9B7}
		{C7028433-2C19-4AD3-9F37-E7874329F7A1} = {246C3D86-8B2F-46E8-B7AA-87A89FF5A9B7}
		{3501E9D0-E2BE-4E3B-A8E4-99079E656F54} = {246C3D86-8B2F-46E8-B7AA-87A89FF5A9B7}
		{BA7CDA96-160E-45FB-A434-E6BBF4358CA5} = {246C3D86-8B2F-46E8-B7AA-87A89FF5A9B7}
		{B282FCF3-3D0A-4E8F-B213-3C3E73416E46} = {246C3D86-8B2F-46E8-B7AA-87A89FF5A9B7}
		{B9CE2D6C-5768-4493-BEC0-5DC993A1B789} = {3763BD41-F667-42EF-80E4-64D9BA3CDA66}
		{34DCFFD4-E490-4A98-86F5-9CE71C6689F1} = {3763BD41-F667-42EF-80E4-64D9BA3CDA66}
		{B81C38C5-DA65-4C13-9D0E-A5B831B9C98D} = {3763BD41-F667-42EF-80E4-64D9BA3CDA66}
		{AAD98D84-B48A-4FFA-9403-468F0671D33D} = {3763BD41-F667-42EF-80E4-64D9BA3CDA66}
	EndGlobalSection
EndGlobal
